
Microsoft Visual Studio Solution File, Format Version 12.00
# Visual Studio Version 17
VisualStudioVersion = 17.1.32210.238
MinimumVisualStudioVersion = 10.0.40219.1
Project("{8BC9CEB8-8B4A-11D0-8D11-00A0C91BC942}") = "OOP19_HomeWork", "OOP19_HomeWork\OOP19_HomeWork.vcxproj", "{5E57B104-20ED-451C-B23E-C90C1DC70A3D}"
EndProject
Global
	GlobalSection(SolutionConfigurationPlatforms) = preSolution
		Debug|x64 = Debug|x64
		Debug|x86 = Debug|x86
		Release|x64 = Release|x64
		Release|x86 = Release|x86
	EndGlobalSection
	GlobalSection(ProjectConfigurationPlatforms) = postSolution
		{5E57B104-20ED-451C-B23E-C90C1DC70A3D}.Debug|x64.ActiveCfg = Debug|x64
		{5E57B104-20ED-451C-B23E-C90C1DC70A3D}.Debug|x64.Build.0 = Debug|x64
		{5E57B104-20ED-451C-B23E-C90C1DC70A3D}.Debug|x86.ActiveCfg = Debug|Win32
		{5E57B104-20ED-451C-B23E-C90C1DC70A3D}.Debug|x86.Build.0 = Debug|Win32
		{5E57B104-20ED-451C-B23E-C90C1DC70A3D}.Release|x64.ActiveCfg = Release|x64
		{5E57B104-20ED-451C-B23E-C90C1DC70A3D}.Release|x64.Build.0 = Release|x64
		{5E57B104-20ED-451C-B23E-C90C1DC70A3D}.Release|x86.ActiveCfg = Release|Win32
		{5E57B104-20ED-451C-B23E-C90C1DC70A3D}.Release|x86.Build.0 = Release|Win32
	EndGlobalSection
	GlobalSection(SolutionProperties) = preSolution
		HideSolutionNode = FALSE
	EndGlobalSection
	GlobalSection(ExtensibilityGlobals) = postSolution
		SolutionGuid = {6D49AFA2-AB81-46F8-BDC9-C744619CFCCA}
	EndGlobalSection
EndGlobal
